// !$*UTF8*$!
{
	archiveVersion = 1;
	classes = {
	};
	objectVersion = 46;
	objects = {

/* Begin PBXBuildFile section */
		287431B51C1349F700529001 /* AppDelegate.swift in Sources */ = {isa = PBXBuildFile; fileRef = 287431B41C1349F700529001 /* AppDelegate.swift */; };
		287431B71C1349F700529001 /* ViewController.swift in Sources */ = {isa = PBXBuildFile; fileRef = 287431B61C1349F700529001 /* ViewController.swift */; };
		287431BA1C1349F700529001 /* Main.storyboard in Resources */ = {isa = PBXBuildFile; fileRef = 287431B81C1349F700529001 /* Main.storyboard */; };
		287431BC1C1349F700529001 /* Images.xcassets in Resources */ = {isa = PBXBuildFile; fileRef = 287431BB1C1349F700529001 /* Images.xcassets */; };
		287431BF1C1349F700529001 /* LaunchScreen.xib in Resources */ = {isa = PBXBuildFile; fileRef = 287431BD1C1349F700529001 /* LaunchScreen.xib */; };
		287431CB1C1349F700529001 /* iTrashSorterTests.swift in Sources */ = {isa = PBXBuildFile; fileRef = 287431CA1C1349F700529001 /* iTrashSorterTests.swift */; };
/* End PBXBuildFile section */

/* Begin PBXContainerItemProxy section */
		287431C51C1349F700529001 /* PBXContainerItemProxy */ = {
			isa = PBXContainerItemProxy;
			containerPortal = 287431A71C1349F700529001 /* Project object */;
			proxyType = 1;
			remoteGlobalIDString = 287431AE1C1349F700529001;
			remoteInfo = iTrashSorter;
		};
/* End PBXContainerItemProxy section */

/* Begin PBXFileReference section */
		287431AF1C1349F700529001 /* iTrashSorter.app */ = {isa = PBXFileReference; explicitFileType = wrapper.application; includeInIndex = 0; path = iTrashSorter.app; sourceTree = BUILT_PRODUCTS_DIR; };
		287431B31C1349F700529001 /* Info.plist */ = {isa = PBXFileReference; lastKnownFileType = text.plist.xml; path = Info.plist; sourceTree = "<group>"; };
		287431B41C1349F700529001 /* AppDelegate.swift */ = {isa = PBXFileReference; lastKnownFileType = sourcecode.swift; path = AppDelegate.swift; sourceTree = "<group>"; };
		287431B61C1349F700529001 /* ViewController.swift */ = {isa = PBXFileReference; lastKnownFileType = sourcecode.swift; path = ViewController.swift; sourceTree = "<group>"; };
		287431B91C1349F700529001 /* Base */ = {isa = PBXFileReference; lastKnownFileType = file.storyboard; name = Base; path = Base.lproj/Main.storyboard; sourceTree = "<group>"; };
		287431BB1C1349F700529001 /* Images.xcassets */ = {isa = PBXFileReference; lastKnownFileType = folder.assetcatalog; path = Images.xcassets; sourceTree = "<group>"; };
		287431BE1C1349F700529001 /* Base */ = {isa = PBXFileReference; lastKnownFileType = file.xib; name = Base; path = Base.lproj/LaunchScreen.xib; sourceTree = "<group>"; };
		287431C41C1349F700529001 /* iTrashSorterTests.xctest */ = {isa = PBXFileReference; explicitFileType = wrapper.cfbundle; includeInIndex = 0; path = iTrashSorterTests.xctest; sourceTree = BUILT_PRODUCTS_DIR; };
		287431C91C1349F700529001 /* Info.plist */ = {isa = PBXFileReference; lastKnownFileType = text.plist.xml; path = Info.plist; sourceTree = "<group>"; };
		287431CA1C1349F700529001 /* iTrashSorterTests.swift */ = {isa = PBXFileReference; lastKnownFileType = sourcecode.swift; path = iTrashSorterTests.swift; sourceTree = "<group>"; };
/* End PBXFileReference section */

/* Begin PBXFrameworksBuildPhase section */
		287431AC1C1349F700529001 /* Frameworks */ = {
			isa = PBXFrameworksBuildPhase;
			buildActionMask = 2147483647;
			files = (
			);
			runOnlyForDeploymentPostprocessing = 0;
		};
		287431C11C1349F700529001 /* Frameworks */ = {
			isa = PBXFrameworksBuildPhase;
			buildActionMask = 2147483647;
			files = (
			);
			runOnlyForDeploymentPostprocessing = 0;
		};
/* End PBXFrameworksBuildPhase section */

/* Begin PBXGroup section */
		287431A61C1349F700529001 = {
			isa = PBXGroup;
			children = (
				287431B11C1349F700529001 /* iTrashSorter */,
				287431C71C1349F700529001 /* iTrashSorterTests */,
				287431B01C1349F700529001 /* Products */,
			);
			sourceTree = "<group>";
		};
		287431B01C1349F700529001 /* Products */ = {
			isa = PBXGroup;
			children = (
				287431AF1C1349F700529001 /* iTrashSorter.app */,
				287431C41C1349F700529001 /* iTrashSorterTests.xctest */,
			);
			name = Products;
			sourceTree = "<group>";
		};
		287431B11C1349F700529001 /* iTrashSorter */ = {
			isa = PBXGroup;
			children = (
				287431B41C1349F700529001 /* AppDelegate.swift */,
				287431B61C1349F700529001 /* ViewController.swift */,
				287431B81C1349F700529001 /* Main.storyboard */,
				287431BB1C1349F700529001 /* Images.xcassets */,
				287431BD1C1349F700529001 /* LaunchScreen.xib */,
				287431B21C1349F700529001 /* Supporting Files */,
			);
			path = iTrashSorter;
			sourceTree = "<group>";
		};
		287431B21C1349F700529001 /* Supporting Files */ = {
			isa = PBXGroup;
			children = (
				287431B31C1349F700529001 /* Info.plist */,
			);
			name = "Supporting Files";
			sourceTree = "<group>";
		};
		287431C71C1349F700529001 /* iTrashSorterTests */ = {
			isa = PBXGroup;
			children = (
				287431CA1C1349F700529001 /* iTrashSorterTests.swift */,
				287431C81C1349F700529001 /* Supporting Files */,
			);
			path = iTrashSorterTests;
			sourceTree = "<group>";
		};
		287431C81C1349F700529001 /* Supporting Files */ = {
			isa = PBXGroup;
			children = (
				287431C91C1349F700529001 /* Info.plist */,
			);
			name = "Supporting Files";
			sourceTree = "<group>";
		};
/* End PBXGroup section */

/* Begin PBXNativeTarget section */
		287431AE1C1349F700529001 /* iTrashSorter */ = {
			isa = PBXNativeTarget;
			buildConfigurationList = 287431CE1C1349F700529001 /* Build configuration list for PBXNativeTarget "iTrashSorter" */;
			buildPhases = (
				287431AB1C1349F700529001 /* Sources */,
				287431AC1C1349F700529001 /* Frameworks */,
				287431AD1C1349F700529001 /* Resources */,
			);
			buildRules = (
			);
			dependencies = (
			);
			name = iTrashSorter;
			productName = iTrashSorter;
			productReference = 287431AF1C1349F700529001 /* iTrashSorter.app */;
			productType = "com.apple.product-type.application";
		};
		287431C31C1349F700529001 /* iTrashSorterTests */ = {
			isa = PBXNativeTarget;
			buildConfigurationList = 287431D11C1349F700529001 /* Build configuration list for PBXNativeTarget "iTrashSorterTests" */;
			buildPhases = (
				287431C01C1349F700529001 /* Sources */,
				287431C11C1349F700529001 /* Frameworks */,
				287431C21C1349F700529001 /* Resources */,
			);
			buildRules = (
			);
			dependencies = (
				287431C61C1349F700529001 /* PBXTargetDependency */,
			);
			name = iTrashSorterTests;
			productName = iTrashSorterTests;
			productReference = 287431C41C1349F700529001 /* iTrashSorterTests.xctest */;
			productType = "com.apple.product-type.bundle.unit-test";
		};
/* End PBXNativeTarget section */

/* Begin PBXProject section */
		287431A71C1349F700529001 /* Project object */ = {
			isa = PBXProject;
			attributes = {
				LastUpgradeCheck = 0620;
				ORGANIZATIONNAME = "NEIL ROSEMAN";
				TargetAttributes = {
					287431AE1C1349F700529001 = {
						CreatedOnToolsVersion = 6.2;
					};
					287431C31C1349F700529001 = {
						CreatedOnToolsVersion = 6.2;
						TestTargetID = 287431AE1C1349F700529001;
					};
				};
			};
			buildConfigurationList = 287431AA1C1349F700529001 /* Build configuration list for PBXProject "iTrashSorter" */;
			compatibilityVersion = "Xcode 3.2";
			developmentRegion = English;
			hasScannedForEncodings = 0;
			knownRegions = (
				en,
				Base,
			);
			mainGroup = 287431A61C1349F700529001;
			productRefGroup = 287431B01C1349F700529001 /* Products */;
			projectDirPath = "";
			projectRoot = "";
			targets = (
				287431AE1C1349F700529001 /* iTrashSorter */,
				287431C31C1349F700529001 /* iTrashSorterTests */,
			);
		};
/* End PBXProject section */

/* Begin PBXResourcesBuildPhase section */
		287431AD1C1349F700529001 /* Resources */ = {
			isa = PBXResourcesBuildPhase;
			buildActionMask = 2147483647;
			files = (
				287431BA1C1349F700529001 /* Main.storyboard in Resources */,
				287431BF1C1349F700529001 /* LaunchScreen.xib in Resources */,
				287431BC1C1349F700529001 /* Images.xcassets in Resources */,
			);
			runOnlyForDeploymentPostprocessing = 0;
		};
		287431C21C1349F700529001 /* Resources */ = {
			isa = PBXResourcesBuildPhase;
			buildActionMask = 2147483647;
			files = (
			);
			runOnlyForDeploymentPostprocessing = 0;
		};
/* End PBXResourcesBuildPhase section */

/* Begin PBXSourcesBuildPhase section */
		287431AB1C1349F700529001 /* Sources */ = {
			isa = PBXSourcesBuildPhase;
			buildActionMask = 2147483647;
			files = (
				287431B71C1349F700529001 /* ViewController.swift in Sources */,
				287431B51C1349F700529001 /* AppDelegate.swift in Sources */,
			);
			runOnlyForDeploymentPostprocessing = 0;
		};
		287431C01C1349F700529001 /* Sources */ = {
			isa = PBXSourcesBuildPhase;
			buildActionMask = 2147483647;
			files = (
				287431CB1C1349F700529001 /* iTrashSorterTests.swift in Sources */,
			);
			runOnlyForDeploymentPostprocessing = 0;
		};
/* End PBXSourcesBuildPhase section */

/* Begin PBXTargetDependency section */
		287431C61C1349F700529001 /* PBXTargetDependency */ = {
			isa = PBXTargetDependency;
			target = 287431AE1C1349F700529001 /* iTrashSorter */;
			targetProxy = 287431C51C1349F700529001 /* PBXContainerItemProxy */;
		};
/* End PBXTargetDependency section */

/* Begin PBXVariantGroup section */
		287431B81C1349F700529001 /* Main.storyboard */ = {
			isa = PBXVariantGroup;
			children = (
				287431B91C1349F700529001 /* Base */,
			);
			name = Main.storyboard;
			sourceTree = "<group>";
		};
		287431BD1C1349F700529001 /* LaunchScreen.xib */ = {
			isa = PBXVariantGroup;
			children = (
				287431BE1C1349F700529001 /* Base */,
			);
			name = LaunchScreen.xib;
			sourceTree = "<group>";
		};
/* End PBXVariantGroup section */

/* Begin XCBuildConfiguration section */
		287431CC1C1349F700529001 /* Debug */ = {
			isa = XCBuildConfiguration;
			buildSettings = {
				ALWAYS_SEARCH_USER_PATHS = NO;
				CLANG_CXX_LANGUAGE_STANDARD = "gnu++0x";
				CLANG_CXX_LIBRARY = "libc++";
				CLANG_ENABLE_MODULES = YES;
				CLANG_ENABLE_OBJC_ARC = YES;
				CLANG_WARN_BOOL_CONVERSION = YES;
				CLANG_WARN_CONSTANT_CONVERSION = YES;
				CLANG_WARN_DIRECT_OBJC_ISA_USAGE = YES_ERROR;
				CLANG_WARN_EMPTY_BODY = YES;
				CLANG_WARN_ENUM_CONVERSION = YES;
				CLANG_WARN_INT_CONVERSION = YES;
				CLANG_WARN_OBJC_ROOT_CLASS = YES_ERROR;
				CLANG_WARN_UNREACHABLE_CODE = YES;
				CLANG_WARN__DUPLICATE_METHOD_MATCH = YES;
				"CODE_SIGN_IDENTITY[sdk=iphoneos*]" = "iPhone Developer";
				COPY_PHASE_STRIP = NO;
				ENABLE_STRICT_OBJC_MSGSEND = YES;
				GCC_C_LANGUAGE_STANDARD = gnu99;
				GCC_DYNAMIC_NO_PIC = NO;
				GCC_OPTIMIZATION_LEVEL = 0;
				GCC_PREPROCESSOR_DEFINITIONS = (
					"DEBUG=1",
					"$(inherited)",
				);
				GCC_SYMBOLS_PRIVATE_EXTERN = NO;
				GCC_WARN_64_TO_32_BIT_CONVERSION = YES;
				GCC_WARN_ABOUT_RETURN_TYPE = YES_ERROR;
				GCC_WARN_UNDECLARED_SELECTOR = YES;
				GCC_WARN_UNINITIALIZED_AUTOS = YES_AGGRESSIVE;
				GCC_WARN_UNUSED_FUNCTION = YES;
				GCC_WARN_UNUSED_VARIABLE = YES;
				IPHONEOS_DEPLOYMENT_TARGET = 8.2;
				MTL_ENABLE_DEBUG_INFO = YES;
				ONLY_ACTIVE_ARCH = YES;
				SDKROOT = iphoneos;
				SWIFT_OPTIMIZATION_LEVEL = "-Onone";
				TARGETED_DEVICE_FAMILY = "1,2";
			};
			name = Debug;
		};
		287431CD1C1349F700529001 /* Release */ = {
			isa = XCBuildConfiguration;
			buildSettings = {
				ALWAYS_SEARCH_USER_PATHS = NO;
				CLANG_CXX_LANGUAGE_STANDARD = "gnu++0x";
				CLANG_CXX_LIBRARY = "libc++";
				CLANG_ENABLE_MODULES = YES;
				CLANG_ENABLE_OBJC_ARC = YES;
				CLANG_WARN_BOOL_CONVERSION = YES;
				CLANG_WARN_CONSTANT_CONVERSION = YES;
				CLANG_WARN_DIRECT_OBJC_ISA_USAGE = YES_ERROR;
				CLANG_WARN_EMPTY_BODY = YES;
				CLANG_WARN_ENUM_CONVERSION = YES;
				CLANG_WARN_INT_CONVERSION = YES;
				CLANG_WARN_OBJC_ROOT_CLASS = YES_ERROR;
				CLANG_WARN_UNREACHABLE_CODE = YES;
				CLANG_WARN__DUPLICATE_METHOD_MATCH = YES;
				"CODE_SIGN_IDENTITY[sdk=iphoneos*]" = "iPhone Developer";
				COPY_PHASE_STRIP = NO;
				ENABLE_NS_ASSERTIONS = NO;
				ENABLE_STRICT_OBJC_MSGSEND = YES;
				GCC_C_LANGUAGE_STANDARD = gnu99;
				GCC_WARN_64_TO_32_BIT_CONVERSION = YES;
				GCC_WARN_ABOUT_RETURN_TYPE = YES_ERROR;
				GCC_WARN_UNDECLARED_SELECTOR = YES;
				GCC_WARN_UNINITIALIZED_AUTOS = YES_AGGRESSIVE;
				GCC_WARN_UNUSED_FUNCTION = YES;
				GCC_WARN_UNUSED_VARIABLE = YES;
				IPHONEOS_DEPLOYMENT_TARGET = 8.2;
				MTL_ENABLE_DEBUG_INFO = NO;
				SDKROOT = iphoneos;
				TARGETED_DEVICE_FAMILY = "1,2";
				VALIDATE_PRODUCT = YES;
			};
			name = Release;
		};
		287431CF1C1349F700529001 /* Debug */ = {
			isa = XCBuildConfiguration;
			buildSettings = {
				ASSETCATALOG_COMPILER_APPICON_NAME = AppIcon;
				INFOPLIST_FILE = iTrashSorter/Info.plist;
				LD_RUNPATH_SEARCH_PATHS = "$(inherited) @executable_path/Frameworks";
				PRODUCT_NAME = "$(TARGET_NAME)";
			};
			name = Debug;
		};
		287431D01C1349F700529001 /* Release */ = {
			isa = XCBuildConfiguration;
			buildSettings = {
				ASSETCATALOG_COMPILER_APPICON_NAME = AppIcon;
				INFOPLIST_FILE = iTrashSorter/Info.plist;
				LD_RUNPATH_SEARCH_PATHS = "$(inherited) @executable_path/Frameworks";
				PRODUCT_NAME = "$(TARGET_NAME)";
			};
			name = Release;
		};
		287431D21C1349F700529001 /* Debug */ = {
			isa = XCBuildConfiguration;
			buildSettings = {
				BUNDLE_LOADER = "$(TEST_HOST)";
				FRAMEWORK_SEARCH_PATHS = (
					"$(SDKROOT)/Developer/Library/Frameworks",
					"$(inherited)",
				);
				GCC_PREPROCESSOR_DEFINITIONS = (
					"DEBUG=1",
					"$(inherited)",
				);
				INFOPLIST_FILE = iTrashSorterTests/Info.plist;
				LD_RUNPATH_SEARCH_PATHS = "$(inherited) @executable_path/Frameworks @loader_path/Frameworks";
				PRODUCT_NAME = "$(TARGET_NAME)";
				TEST_HOST = "$(BUILT_PRODUCTS_DIR)/iTrashSorter.app/iTrashSorter";
			};
			name = Debug;
		};
		287431D31C1349F700529001 /* Release */ = {
			isa = XCBuildConfiguration;
			buildSettings = {
				BUNDLE_LOADER = "$(TEST_HOST)";
				FRAMEWORK_SEARCH_PATHS = (
					"$(SDKROOT)/Developer/Library/Frameworks",
					"$(inherited)",
				);
				INFOPLIST_FILE = iTrashSorterTests/Info.plist;
				LD_RUNPATH_SEARCH_PATHS = "$(inherited) @executable_path/Frameworks @loader_path/Frameworks";
				PRODUCT_NAME = "$(TARGET_NAME)";
				TEST_HOST = "$(BUILT_PRODUCTS_DIR)/iTrashSorter.app/iTrashSorter";
			};
			name = Release;
		};
/* End XCBuildConfiguration section */

/* Begin XCConfigurationList section */
		287431AA1C1349F700529001 /* Build configuration list for PBXProject "iTrashSorter" */ = {
			isa = XCConfigurationList;
			buildConfigurations = (
				287431CC1C1349F700529001 /* Debug */,
				287431CD1C1349F700529001 /* Release */,
			);
			defaultConfigurationIsVisible = 0;
			defaultConfigurationName = Release;
		};
		287431CE1C1349F700529001 /* Build configuration list for PBXNativeTarget "iTrashSorter" */ = {
			isa = XCConfigurationList;
			buildConfigurations = (
				287431CF1C1349F700529001 /* Debug */,
				287431D01C1349F700529001 /* Release */,
			);
			defaultConfigurationIsVisible = 0;
		};
		287431D11C1349F700529001 /* Build configuration list for PBXNativeTarget "iTrashSorterTests" */ = {
			isa = XCConfigurationList;
			buildConfigurations = (
				287431D21C1349F700529001 /* Debug */,
				287431D31C1349F700529001 /* Release */,
			);
			defaultConfigurationIsVisible = 0;
		};
/* End XCConfigurationList section */
	};
	rootObject = 287431A71C1349F700529001 /* Project object */;
}
